
Microsoft Visual Studio Solution File, Format Version 12.00
# Visual Studio Version 17
VisualStudioVersion = 17.8.34330.188
MinimumVisualStudioVersion = 10.0.40219.1
Project("{9A19103F-16F7-4668-BE54-9A1E7A4F7556}") = "booking", "booking.csproj", "{598526EC-775D-4355-835B-41A50419F669}"
EndProject
Project("{FAE04EC0-301F-11D3-BF4B-00C04F79EFBC}") = "BUS_dabk", "..\BUS_dabk\BUS_dabk.csproj", "{9AFDE025-4409-46DD-86B6-1BEABA036ADF}"
EndProject
Project("{FAE04EC0-301F-11D3-BF4B-00C04F79EFBC}") = "DAL_dabk", "..\DAL_dabk\DAL_dabk.csproj", "{4983F3C4-1590-4733-832A-6E071F535456}"
EndProject
Global
	GlobalSection(SolutionConfigurationPlatforms) = preSolution
		Debug|Any CPU = Debug|Any CPU
		Release|Any CPU = Release|Any CPU
	EndGlobalSection
	GlobalSection(ProjectConfigurationPlatforms) = postSolution
		{598526EC-775D-4355-835B-41A50419F669}.Debug|Any CPU.ActiveCfg = Debug|Any CPU
		{598526EC-775D-4355-835B-41A50419F669}.Debug|Any CPU.Build.0 = Debug|Any CPU
		{598526EC-775D-4355-835B-41A50419F669}.Release|Any CPU.ActiveCfg = Release|Any CPU
		{598526EC-775D-4355-835B-41A50419F669}.Release|Any CPU.Build.0 = Release|Any CPU
		{9AFDE025-4409-46DD-86B6-1BEABA036ADF}.Debug|Any CPU.ActiveCfg = Debug|Any CPU
		{9AFDE025-4409-46DD-86B6-1BEABA036ADF}.Debug|Any CPU.Build.0 = Debug|Any CPU
		{9AFDE025-4409-46DD-86B6-1BEABA036ADF}.Release|Any CPU.ActiveCfg = Release|Any CPU
		{9AFDE025-4409-46DD-86B6-1BEABA036ADF}.Release|Any CPU.Build.0 = Release|Any CPU
		{4983F3C4-1590-4733-832A-6E071F535456}.Debug|Any CPU.ActiveCfg = Debug|Any CPU
		{4983F3C4-1590-4733-832A-6E071F535456}.Debug|Any CPU.Build.0 = Debug|Any CPU
		{4983F3C4-1590-4733-832A-6E071F535456}.Release|Any CPU.ActiveCfg = Release|Any CPU
		{4983F3C4-1590-4733-832A-6E071F535456}.Release|Any CPU.Build.0 = Release|Any CPU
	EndGlobalSection
	GlobalSection(SolutionProperties) = preSolution
		HideSolutionNode = FALSE
	EndGlobalSection
	GlobalSection(ExtensibilityGlobals) = postSolution
		SolutionGuid = {868E944D-87CE-4C70-8C91-34E45D043C0B}
	EndGlobalSection
EndGlobal
